// !$*UTF8*$!
{
	archiveVersion = 1;
	classes = {
	};
	objectVersion = 77;
	objects = {

/* Begin PBXContainerItemProxy section */
		AAC36FE02D41758E00539A5F /* PBXContainerItemProxy */ = {
			isa = PBXContainerItemProxy;
			containerPortal = AAC36FC62D41758C00539A5F /* Project object */;
			proxyType = 1;
			remoteGlobalIDString = AAC36FCD2D41758C00539A5F;
			remoteInfo = DeepseekR;
		};
		AAC36FEA2D41758E00539A5F /* PBXContainerItemProxy */ = {
			isa = PBXContainerItemProxy;
			containerPortal = AAC36FC62D41758C00539A5F /* Project object */;
			proxyType = 1;
			remoteGlobalIDString = AAC36FCD2D41758C00539A5F;
			remoteInfo = DeepseekR;
		};
/* End PBXContainerItemProxy section */

/* Begin PBXFileReference section */
		AAC36FCE2D41758C00539A5F /* DeepseekR.app */ = {isa = PBXFileReference; explicitFileType = wrapper.application; includeInIndex = 0; path = DeepseekR.app; sourceTree = BUILT_PRODUCTS_DIR; };
		AAC36FDF2D41758E00539A5F /* DeepseekRTests.xctest */ = {isa = PBXFileReference; explicitFileType = wrapper.cfbundle; includeInIndex = 0; path = DeepseekRTests.xctest; sourceTree = BUILT_PRODUCTS_DIR; };
		AAC36FE92D41758E00539A5F /* DeepseekRUITests.xctest */ = {isa = PBXFileReference; explicitFileType = wrapper.cfbundle; includeInIndex = 0; path = DeepseekRUITests.xctest; sourceTree = BUILT_PRODUCTS_DIR; };
/* End PBXFileReference section */

/* Begin PBXFileSystemSynchronizedRootGroup section */
		AAC36FD02D41758C00539A5F /* DeepseekR */ = {
			isa = PBXFileSystemSynchronizedRootGroup;
			path = DeepseekR;
			sourceTree = "<group>";
		};
		AAC36FE22D41758E00539A5F /* DeepseekRTests */ = {
			isa = PBXFileSystemSynchronizedRootGroup;
			path = DeepseekRTests;
			sourceTree = "<group>";
		};
		AAC36FEC2D41758E00539A5F /* DeepseekRUITests */ = {
			isa = PBXFileSystemSynchronizedRootGroup;
			path = DeepseekRUITests;
			sourceTree = "<group>";
		};
/* End PBXFileSystemSynchronizedRootGroup section */

/* Begin PBXFrameworksBuildPhase section */
		AAC36FCB2D41758C00539A5F /* Frameworks */ = {
			isa = PBXFrameworksBuildPhase;
			buildActionMask = 2147483647;
			files = (
			);
			runOnlyForDeploymentPostprocessing = 0;
		};
		AAC36FDC2D41758E00539A5F /* Frameworks */ = {
			isa = PBXFrameworksBuildPhase;
			buildActionMask = 2147483647;
			files = (
			);
			runOnlyForDeploymentPostprocessing = 0;
		};
		AAC36FE62D41758E00539A5F /* Frameworks */ = {
			isa = PBXFrameworksBuildPhase;
			buildActionMask = 2147483647;
			files = (
			);
			runOnlyForDeploymentPostprocessing = 0;
		};
/* End PBXFrameworksBuildPhase section */

/* Begin PBXGroup section */
		AAC36FC52D41758C00539A5F = {
			isa = PBXGroup;
			children = (
				AAC36FD02D41758C00539A5F /* DeepseekR */,
				AAC36FE22D41758E00539A5F /* DeepseekRTests */,
				AAC36FEC2D41758E00539A5F /* DeepseekRUITests */,
				AAC36FCF2D41758C00539A5F /* Products */,
			);
			sourceTree = "<group>";
		};
		AAC36FCF2D41758C00539A5F /* Products */ = {
			isa = PBXGroup;
			children = (
				AAC36FCE2D41758C00539A5F /* DeepseekR.app */,
				AAC36FDF2D41758E00539A5F /* DeepseekRTests.xctest */,
				AAC36FE92D41758E00539A5F /* DeepseekRUITests.xctest */,
			);
			name = Products;
			sourceTree = "<group>";
		};
/* End PBXGroup section */

/* Begin PBXNativeTarget section */
		AAC36FCD2D41758C00539A5F /* DeepseekR */ = {
			isa = PBXNativeTarget;
			buildConfigurationList = AAC36FF32D41758E00539A5F /* Build configuration list for PBXNativeTarget "DeepseekR" */;
			buildPhases = (
				AAC36FCA2D41758C00539A5F /* Sources */,
				AAC36FCB2D41758C00539A5F /* Frameworks */,
				AAC36FCC2D41758C00539A5F /* Resources */,
			);
			buildRules = (
			);
			dependencies = (
			);
			fileSystemSynchronizedGroups = (
				AAC36FD02D41758C00539A5F /* DeepseekR */,
			);
			name = DeepseekR;
			packageProductDependencies = (
			);
			productName = DeepseekR;
			productReference = AAC36FCE2D41758C00539A5F /* DeepseekR.app */;
			productType = "com.apple.product-type.application";
		};
		AAC36FDE2D41758E00539A5F /* DeepseekRTests */ = {
			isa = PBXNativeTarget;
			buildConfigurationList = AAC36FF62D41758E00539A5F /* Build configuration list for PBXNativeTarget "DeepseekRTests" */;
			buildPhases = (
				AAC36FDB2D41758E00539A5F /* Sources */,
				AAC36FDC2D41758E00539A5F /* Frameworks */,
				AAC36FDD2D41758E00539A5F /* Resources */,
			);
			buildRules = (
			);
			dependencies = (
				AAC36FE12D41758E00539A5F /* PBXTargetDependency */,
			);
			fileSystemSynchronizedGroups = (
				AAC36FE22D41758E00539A5F /* DeepseekRTests */,
			);
			name = DeepseekRTests;
			packageProductDependencies = (
			);
			productName = DeepseekRTests;
			productReference = AAC36FDF2D41758E00539A5F /* DeepseekRTests.xctest */;
			productType = "com.apple.product-type.bundle.unit-test";
		};
		AAC36FE82D41758E00539A5F /* DeepseekRUITests */ = {
			isa = PBXNativeTarget;
			buildConfigurationList = AAC36FF92D41758E00539A5F /* Build configuration list for PBXNativeTarget "DeepseekRUITests" */;
			buildPhases = (
				AAC36FE52D41758E00539A5F /* Sources */,
				AAC36FE62D41758E00539A5F /* Frameworks */,
				AAC36FE72D41758E00539A5F /* Resources */,
			);
			buildRules = (
			);
			dependencies = (
				AAC36FEB2D41758E00539A5F /* PBXTargetDependency */,
			);
			fileSystemSynchronizedGroups = (
				AAC36FEC2D41758E00539A5F /* DeepseekRUITests */,
			);
			name = DeepseekRUITests;
			packageProductDependencies = (
			);
			productName = DeepseekRUITests;
			productReference = AAC36FE92D41758E00539A5F /* DeepseekRUITests.xctest */;
			productType = "com.apple.product-type.bundle.ui-testing";
		};
/* End PBXNativeTarget section */

/* Begin PBXProject section */
		AAC36FC62D41758C00539A5F /* Project object */ = {
			isa = PBXProject;
			attributes = {
				BuildIndependentTargetsInParallel = 1;
				LastSwiftUpdateCheck = 1620;
				LastUpgradeCheck = 1620;
				TargetAttributes = {
					AAC36FCD2D41758C00539A5F = {
						CreatedOnToolsVersion = 16.2;
					};
					AAC36FDE2D41758E00539A5F = {
						CreatedOnToolsVersion = 16.2;
						TestTargetID = AAC36FCD2D41758C00539A5F;
					};
					AAC36FE82D41758E00539A5F = {
						CreatedOnToolsVersion = 16.2;
						TestTargetID = AAC36FCD2D41758C00539A5F;
					};
				};
			};
			buildConfigurationList = AAC36FC92D41758C00539A5F /* Build configuration list for PBXProject "DeepseekR" */;
			developmentRegion = en;
			hasScannedForEncodings = 0;
			knownRegions = (
				en,
				Base,
			);
			mainGroup = AAC36FC52D41758C00539A5F;
			minimizedProjectReferenceProxies = 1;
			preferredProjectObjectVersion = 77;
			productRefGroup = AAC36FCF2D41758C00539A5F /* Products */;
			projectDirPath = "";
			projectRoot = "";
			targets = (
				AAC36FCD2D41758C00539A5F /* DeepseekR */,
				AAC36FDE2D41758E00539A5F /* DeepseekRTests */,
				AAC36FE82D41758E00539A5F /* DeepseekRUITests */,
			);
		};
/* End PBXProject section */

/* Begin PBXResourcesBuildPhase section */
		AAC36FCC2D41758C00539A5F /* Resources */ = {
			isa = PBXResourcesBuildPhase;
			buildActionMask = 2147483647;
			files = (
			);
			runOnlyForDeploymentPostprocessing = 0;
		};
		AAC36FDD2D41758E00539A5F /* Resources */ = {
			isa = PBXResourcesBuildPhase;
			buildActionMask = 2147483647;
			files = (
			);
			runOnlyForDeploymentPostprocessing = 0;
		};
		AAC36FE72D41758E00539A5F /* Resources */ = {
			isa = PBXResourcesBuildPhase;
			buildActionMask = 2147483647;
			files = (
			);
			runOnlyForDeploymentPostprocessing = 0;
		};
/* End PBXResourcesBuildPhase section */

/* Begin PBXSourcesBuildPhase section */
		AAC36FCA2D41758C00539A5F /* Sources */ = {
			isa = PBXSourcesBuildPhase;
			buildActionMask = 2147483647;
			files = (
			);
			runOnlyForDeploymentPostprocessing = 0;
		};
		AAC36FDB2D41758E00539A5F /* Sources */ = {
			isa = PBXSourcesBuildPhase;
			buildActionMask = 2147483647;
			files = (
			);
			runOnlyForDeploymentPostprocessing = 0;
		};
		AAC36FE52D41758E00539A5F /* Sources */ = {
			isa = PBXSourcesBuildPhase;
			buildActionMask = 2147483647;
			files = (
			);
			runOnlyForDeploymentPostprocessing = 0;
		};
/* End PBXSourcesBuildPhase section */

/* Begin PBXTargetDependency section */
		AAC36FE12D41758E00539A5F /* PBXTargetDependency */ = {
			isa = PBXTargetDependency;
			target = AAC36FCD2D41758C00539A5F /* DeepseekR */;
			targetProxy = AAC36FE02D41758E00539A5F /* PBXContainerItemProxy */;
		};
		AAC36FEB2D41758E00539A5F /* PBXTargetDependency */ = {
			isa = PBXTargetDependency;
			target = AAC36FCD2D41758C00539A5F /* DeepseekR */;
			targetProxy = AAC36FEA2D41758E00539A5F /* PBXContainerItemProxy */;
		};
/* End PBXTargetDependency section */

/* Begin XCBuildConfiguration section */
		AAC36FF12D41758E00539A5F /* Debug */ = {
			isa = XCBuildConfiguration;
			buildSettings = {
				ALWAYS_SEARCH_USER_PATHS = NO;
				ASSETCATALOG_COMPILER_GENERATE_SWIFT_ASSET_SYMBOL_EXTENSIONS = YES;
				CLANG_ANALYZER_NONNULL = YES;
				CLANG_ANALYZER_NUMBER_OBJECT_CONVERSION = YES_AGGRESSIVE;
				CLANG_CXX_LANGUAGE_STANDARD = "gnu++20";
				CLANG_ENABLE_MODULES = YES;
				CLANG_ENABLE_OBJC_ARC = YES;
				CLANG_ENABLE_OBJC_WEAK = YES;
				CLANG_WARN_BLOCK_CAPTURE_AUTORELEASING = YES;
				CLANG_WARN_BOOL_CONVERSION = YES;
				CLANG_WARN_COMMA = YES;
				CLANG_WARN_CONSTANT_CONVERSION = YES;
				CLANG_WARN_DEPRECATED_OBJC_IMPLEMENTATIONS = YES;
				CLANG_WARN_DIRECT_OBJC_ISA_USAGE = YES_ERROR;
				CLANG_WARN_DOCUMENTATION_COMMENTS = YES;
				CLANG_WARN_EMPTY_BODY = YES;
				CLANG_WARN_ENUM_CONVERSION = YES;
				CLANG_WARN_INFINITE_RECURSION = YES;
				CLANG_WARN_INT_CONVERSION = YES;
				CLANG_WARN_NON_LITERAL_NULL_CONVERSION = YES;
				CLANG_WARN_OBJC_IMPLICIT_RETAIN_SELF = YES;
				CLANG_WARN_OBJC_LITERAL_CONVERSION = YES;
				CLANG_WARN_OBJC_ROOT_CLASS = YES_ERROR;
				CLANG_WARN_QUOTED_INCLUDE_IN_FRAMEWORK_HEADER = YES;
				CLANG_WARN_RANGE_LOOP_ANALYSIS = YES;
				CLANG_WARN_STRICT_PROTOTYPES = YES;
				CLANG_WARN_SUSPICIOUS_MOVE = YES;
				CLANG_WARN_UNGUARDED_AVAILABILITY = YES_AGGRESSIVE;
				CLANG_WARN_UNREACHABLE_CODE = YES;
				CLANG_WARN__DUPLICATE_METHOD_MATCH = YES;
				COPY_PHASE_STRIP = NO;
				DEBUG_INFORMATION_FORMAT = dwarf;
				ENABLE_STRICT_OBJC_MSGSEND = YES;
				ENABLE_TESTABILITY = YES;
				ENABLE_USER_SCRIPT_SANDBOXING = YES;
				GCC_C_LANGUAGE_STANDARD = gnu17;
				GCC_DYNAMIC_NO_PIC = NO;
				GCC_NO_COMMON_BLOCKS = YES;
				GCC_OPTIMIZATION_LEVEL = 0;
				GCC_PREPROCESSOR_DEFINITIONS = (
					"DEBUG=1",
					"$(inherited)",
				);
				GCC_WARN_64_TO_32_BIT_CONVERSION = YES;
				GCC_WARN_ABOUT_RETURN_TYPE = YES_ERROR;
				GCC_WARN_UNDECLARED_SELECTOR = YES;
				GCC_WARN_UNINITIALIZED_AUTOS = YES_AGGRESSIVE;
				GCC_WARN_UNUSED_FUNCTION = YES;
				GCC_WARN_UNUSED_VARIABLE = YES;
				LOCALIZATION_PREFERS_STRING_CATALOGS = YES;
				MACOSX_DEPLOYMENT_TARGET = 15.2;
				MTL_ENABLE_DEBUG_INFO = INCLUDE_SOURCE;
				MTL_FAST_MATH = YES;
				ONLY_ACTIVE_ARCH = YES;
				SDKROOT = macosx;
				SWIFT_ACTIVE_COMPILATION_CONDITIONS = "DEBUG $(inherited)";
				SWIFT_OPTIMIZATION_LEVEL = "-Onone";
			};
			name = Debug;
		};
		AAC36FF22D41758E00539A5F /* Release */ = {
			isa = XCBuildConfiguration;
			buildSettings = {
				ALWAYS_SEARCH_USER_PATHS = NO;
				ASSETCATALOG_COMPILER_GENERATE_SWIFT_ASSET_SYMBOL_EXTENSIONS = YES;
				CLANG_ANALYZER_NONNULL = YES;
				CLANG_ANALYZER_NUMBER_OBJECT_CONVERSION = YES_AGGRESSIVE;
				CLANG_CXX_LANGUAGE_STANDARD = "gnu++20";
				CLANG_ENABLE_MODULES = YES;
				CLANG_ENABLE_OBJC_ARC = YES;
				CLANG_ENABLE_OBJC_WEAK = YES;
				CLANG_WARN_BLOCK_CAPTURE_AUTORELEASING = YES;
				CLANG_WARN_BOOL_CONVERSION = YES;
				CLANG_WARN_COMMA = YES;
				CLANG_WARN_CONSTANT_CONVERSION = YES;
				CLANG_WARN_DEPRECATED_OBJC_IMPLEMENTATIONS = YES;
				CLANG_WARN_DIRECT_OBJC_ISA_USAGE = YES_ERROR;
				CLANG_WARN_DOCUMENTATION_COMMENTS = YES;
				CLANG_WARN_EMPTY_BODY = YES;
				CLANG_WARN_ENUM_CONVERSION = YES;
				CLANG_WARN_INFINITE_RECURSION = YES;
				CLANG_WARN_INT_CONVERSION = YES;
				CLANG_WARN_NON_LITERAL_NULL_CONVERSION = YES;
				CLANG_WARN_OBJC_IMPLICIT_RETAIN_SELF = YES;
				CLANG_WARN_OBJC_LITERAL_CONVERSION = YES;
				CLANG_WARN_OBJC_ROOT_CLASS = YES_ERROR;
				CLANG_WARN_QUOTED_INCLUDE_IN_FRAMEWORK_HEADER = YES;
				CLANG_WARN_RANGE_LOOP_ANALYSIS = YES;
				CLANG_WARN_STRICT_PROTOTYPES = YES;
				CLANG_WARN_SUSPICIOUS_MOVE = YES;
				CLANG_WARN_UNGUARDED_AVAILABILITY = YES_AGGRESSIVE;
				CLANG_WARN_UNREACHABLE_CODE = YES;
				CLANG_WARN__DUPLICATE_METHOD_MATCH = YES;
				COPY_PHASE_STRIP = NO;
				DEBUG_INFORMATION_FORMAT = "dwarf-with-dsym";
				ENABLE_NS_ASSERTIONS = NO;
				ENABLE_STRICT_OBJC_MSGSEND = YES;
				ENABLE_USER_SCRIPT_SANDBOXING = YES;
				GCC_C_LANGUAGE_STANDARD = gnu17;
				GCC_NO_COMMON_BLOCKS = YES;
				GCC_WARN_64_TO_32_BIT_CONVERSION = YES;
				GCC_WARN_ABOUT_RETURN_TYPE = YES_ERROR;
				GCC_WARN_UNDECLARED_SELECTOR = YES;
				GCC_WARN_UNINITIALIZED_AUTOS = YES_AGGRESSIVE;
				GCC_WARN_UNUSED_FUNCTION = YES;
				GCC_WARN_UNUSED_VARIABLE = YES;
				LOCALIZATION_PREFERS_STRING_CATALOGS = YES;
				MACOSX_DEPLOYMENT_TARGET = 15.2;
				MTL_ENABLE_DEBUG_INFO = NO;
				MTL_FAST_MATH = YES;
				SDKROOT = macosx;
				SWIFT_COMPILATION_MODE = wholemodule;
			};
			name = Release;
		};
		AAC36FF42D41758E00539A5F /* Debug */ = {
			isa = XCBuildConfiguration;
			buildSettings = {
				ASSETCATALOG_COMPILER_APPICON_NAME = AppIcon;
				ASSETCATALOG_COMPILER_GLOBAL_ACCENT_COLOR_NAME = AccentColor;
				CODE_SIGN_ENTITLEMENTS = DeepseekR/DeepseekR.entitlements;
				CODE_SIGN_STYLE = Automatic;
				COMBINE_HIDPI_IMAGES = YES;
				CURRENT_PROJECT_VERSION = 1;
				DEVELOPMENT_ASSET_PATHS = "\"DeepseekR/Preview Content\"";
				DEVELOPMENT_TEAM = 34P4RF23ET;
				ENABLE_HARDENED_RUNTIME = YES;
				ENABLE_PREVIEWS = YES;
				GENERATE_INFOPLIST_FILE = YES;
				INFOPLIST_KEY_NSHumanReadableCopyright = "";
				LD_RUNPATH_SEARCH_PATHS = (
					"$(inherited)",
					"@executable_path/../Frameworks",
				);
				MACOSX_DEPLOYMENT_TARGET = 14.6;
				MARKETING_VERSION = 1.0;
				PRODUCT_BUNDLE_IDENTIFIER = com.infinitiq.DeepseekR;
				PRODUCT_NAME = "$(TARGET_NAME)";
				SWIFT_EMIT_LOC_STRINGS = YES;
				SWIFT_VERSION = 5.0;
			};
			name = Debug;
		};
		AAC36FF52D41758E00539A5F /* Release */ = {
			isa = XCBuildConfiguration;
			buildSettings = {
				ASSETCATALOG_COMPILER_APPICON_NAME = AppIcon;
				ASSETCATALOG_COMPILER_GLOBAL_ACCENT_COLOR_NAME = AccentColor;
				CODE_SIGN_ENTITLEMENTS = DeepseekR/DeepseekR.entitlements;
				CODE_SIGN_STYLE = Automatic;
				COMBINE_HIDPI_IMAGES = YES;
				CURRENT_PROJECT_VERSION = 1;
				DEVELOPMENT_ASSET_PATHS = "\"DeepseekR/Preview Content\"";
				DEVELOPMENT_TEAM = 34P4RF23ET;
				ENABLE_HARDENED_RUNTIME = YES;
				ENABLE_PREVIEWS = YES;
				GENERATE_INFOPLIST_FILE = YES;
				INFOPLIST_KEY_NSHumanReadableCopyright = "";
				LD_RUNPATH_SEARCH_PATHS = (
					"$(inherited)",
					"@executable_path/../Frameworks",
				);
				MACOSX_DEPLOYMENT_TARGET = 14.6;
				MARKETING_VERSION = 1.0;
				PRODUCT_BUNDLE_IDENTIFIER = com.infinitiq.DeepseekR;
				PRODUCT_NAME = "$(TARGET_NAME)";
				SWIFT_EMIT_LOC_STRINGS = YES;
				SWIFT_VERSION = 5.0;
			};
			name = Release;
		};
		AAC36FF72D41758E00539A5F /* Debug */ = {
			isa = XCBuildConfiguration;
			buildSettings = {
				BUNDLE_LOADER = "$(TEST_HOST)";
				CODE_SIGN_STYLE = Automatic;
				CURRENT_PROJECT_VERSION = 1;
				DEVELOPMENT_TEAM = 34P4RF23ET;
				GENERATE_INFOPLIST_FILE = YES;
				MACOSX_DEPLOYMENT_TARGET = 15.2;
				MARKETING_VERSION = 1.0;
				PRODUCT_BUNDLE_IDENTIFIER = com.infinitiq.DeepseekRTests;
				PRODUCT_NAME = "$(TARGET_NAME)";
				SWIFT_EMIT_LOC_STRINGS = NO;
				SWIFT_VERSION = 5.0;
				TEST_HOST = "$(BUILT_PRODUCTS_DIR)/DeepseekR.app/$(BUNDLE_EXECUTABLE_FOLDER_PATH)/DeepseekR";
			};
			name = Debug;
		};
		AAC36FF82D41758E00539A5F /* Release */ = {
			isa = XCBuildConfiguration;
			buildSettings = {
				BUNDLE_LOADER = "$(TEST_HOST)";
				CODE_SIGN_STYLE = Automatic;
				CURRENT_PROJECT_VERSION = 1;
				DEVELOPMENT_TEAM = 34P4RF23ET;
				GENERATE_INFOPLIST_FILE = YES;
				MACOSX_DEPLOYMENT_TARGET = 15.2;
				MARKETING_VERSION = 1.0;
				PRODUCT_BUNDLE_IDENTIFIER = com.infinitiq.DeepseekRTests;
				PRODUCT_NAME = "$(TARGET_NAME)";
				SWIFT_EMIT_LOC_STRINGS = NO;
				SWIFT_VERSION = 5.0;
				TEST_HOST = "$(BUILT_PRODUCTS_DIR)/DeepseekR.app/$(BUNDLE_EXECUTABLE_FOLDER_PATH)/DeepseekR";
			};
			name = Release;
		};
		AAC36FFA2D41758E00539A5F /* Debug */ = {
			isa = XCBuildConfiguration;
			buildSettings = {
				CODE_SIGN_STYLE = Automatic;
				CURRENT_PROJECT_VERSION = 1;
				DEVELOPMENT_TEAM = 34P4RF23ET;
				GENERATE_INFOPLIST_FILE = YES;
				MARKETING_VERSION = 1.0;
				PRODUCT_BUNDLE_IDENTIFIER = com.infinitiq.DeepseekRUITests;
				PRODUCT_NAME = "$(TARGET_NAME)";
				SWIFT_EMIT_LOC_STRINGS = NO;
				SWIFT_VERSION = 5.0;
				TEST_TARGET_NAME = DeepseekR;
			};
			name = Debug;
		};
		AAC36FFB2D41758E00539A5F /* Release */ = {
			isa = XCBuildConfiguration;
			buildSettings = {
				CODE_SIGN_STYLE = Automatic;
				CURRENT_PROJECT_VERSION = 1;
				DEVELOPMENT_TEAM = 34P4RF23ET;
				GENERATE_INFOPLIST_FILE = YES;
				MARKETING_VERSION = 1.0;
				PRODUCT_BUNDLE_IDENTIFIER = com.infinitiq.DeepseekRUITests;
				PRODUCT_NAME = "$(TARGET_NAME)";
				SWIFT_EMIT_LOC_STRINGS = NO;
				SWIFT_VERSION = 5.0;
				TEST_TARGET_NAME = DeepseekR;
			};
			name = Release;
		};
/* End XCBuildConfiguration section */

/* Begin XCConfigurationList section */
		AAC36FC92D41758C00539A5F /* Build configuration list for PBXProject "DeepseekR" */ = {
			isa = XCConfigurationList;
			buildConfigurations = (
				AAC36FF12D41758E00539A5F /* Debug */,
				AAC36FF22D41758E00539A5F /* Release */,
			);
			defaultConfigurationIsVisible = 0;
			defaultConfigurationName = Release;
		};
		AAC36FF32D41758E00539A5F /* Build configuration list for PBXNativeTarget "DeepseekR" */ = {
			isa = XCConfigurationList;
			buildConfigurations = (
				AAC36FF42D41758E00539A5F /* Debug */,
				AAC36FF52D41758E00539A5F /* Release */,
			);
			defaultConfigurationIsVisible = 0;
			defaultConfigurationName = Release;
		};
		AAC36FF62D41758E00539A5F /* Build configuration list for PBXNativeTarget "DeepseekRTests" */ = {
			isa = XCConfigurationList;
			buildConfigurations = (
				AAC36FF72D41758E00539A5F /* Debug */,
				AAC36FF82D41758E00539A5F /* Release */,
			);
			defaultConfigurationIsVisible = 0;
			defaultConfigurationName = Release;
		};
		AAC36FF92D41758E00539A5F /* Build configuration list for PBXNativeTarget "DeepseekRUITests" */ = {
			isa = XCConfigurationList;
			buildConfigurations = (
				AAC36FFA2D41758E00539A5F /* Debug */,
				AAC36FFB2D41758E00539A5F /* Release */,
			);
			defaultConfigurationIsVisible = 0;
			defaultConfigurationName = Release;
		};
/* End XCConfigurationList section */
	};
	rootObject = AAC36FC62D41758C00539A5F /* Project object */;
}
